// !$*UTF8*$!
{
	archiveVersion = 1;
	classes = {
	};
	objectVersion = 50;
	objects = {

/* Begin PBXBuildFile section */
		0303CBE7219D0993007A5DD1 /* AppDelegate.swift in Sources */ = {isa = PBXBuildFile; fileRef = 0303CBE6219D0993007A5DD1 /* AppDelegate.swift */; };
		0303CBEC219D0993007A5DD1 /* Main.storyboard in Resources */ = {isa = PBXBuildFile; fileRef = 0303CBEA219D0993007A5DD1 /* Main.storyboard */; };
		0303CBEE219D0994007A5DD1 /* Assets.xcassets in Resources */ = {isa = PBXBuildFile; fileRef = 0303CBED219D0994007A5DD1 /* Assets.xcassets */; };
		0303CBF1219D0994007A5DD1 /* LaunchScreen.storyboard in Resources */ = {isa = PBXBuildFile; fileRef = 0303CBEF219D0994007A5DD1 /* LaunchScreen.storyboard */; };
		0303CBF9219D0A00007A5DD1 /* LocationListVC.swift in Sources */ = {isa = PBXBuildFile; fileRef = 0303CBF8219D0A00007A5DD1 /* LocationListVC.swift */; };
		0303CBFB219D0A0C007A5DD1 /* LocationMapVC.swift in Sources */ = {isa = PBXBuildFile; fileRef = 0303CBFA219D0A0C007A5DD1 /* LocationMapVC.swift */; };
		A1F464BBEDAD53BBA498960E /* Pods_MemorablePlaces.framework in Frameworks */ = {isa = PBXBuildFile; fileRef = 7E8582CBA2F05B549A9BAD18 /* Pods_MemorablePlaces.framework */; };
/* End PBXBuildFile section */

/* Begin PBXFileReference section */
		0303CBE3219D0993007A5DD1 /* MemorablePlaces.app */ = {isa = PBXFileReference; explicitFileType = wrapper.application; includeInIndex = 0; path = MemorablePlaces.app; sourceTree = BUILT_PRODUCTS_DIR; };
		0303CBE6219D0993007A5DD1 /* AppDelegate.swift */ = {isa = PBXFileReference; lastKnownFileType = sourcecode.swift; path = AppDelegate.swift; sourceTree = "<group>"; };
		0303CBEB219D0993007A5DD1 /* Base */ = {isa = PBXFileReference; lastKnownFileType = file.storyboard; name = Base; path = Base.lproj/Main.storyboard; sourceTree = "<group>"; };
		0303CBED219D0994007A5DD1 /* Assets.xcassets */ = {isa = PBXFileReference; lastKnownFileType = folder.assetcatalog; path = Assets.xcassets; sourceTree = "<group>"; };
		0303CBF0219D0994007A5DD1 /* Base */ = {isa = PBXFileReference; lastKnownFileType = file.storyboard; name = Base; path = Base.lproj/LaunchScreen.storyboard; sourceTree = "<group>"; };
		0303CBF2219D0994007A5DD1 /* Info.plist */ = {isa = PBXFileReference; lastKnownFileType = text.plist.xml; path = Info.plist; sourceTree = "<group>"; };
		0303CBF8219D0A00007A5DD1 /* LocationListVC.swift */ = {isa = PBXFileReference; lastKnownFileType = sourcecode.swift; path = LocationListVC.swift; sourceTree = "<group>"; };
		0303CBFA219D0A0C007A5DD1 /* LocationMapVC.swift */ = {isa = PBXFileReference; lastKnownFileType = sourcecode.swift; path = LocationMapVC.swift; sourceTree = "<group>"; };
		5DA8424C99FD4411945DBBEC /* Pods-MemorablePlaces.debug.xcconfig */ = {isa = PBXFileReference; includeInIndex = 1; lastKnownFileType = text.xcconfig; name = "Pods-MemorablePlaces.debug.xcconfig"; path = "Pods/Target Support Files/Pods-MemorablePlaces/Pods-MemorablePlaces.debug.xcconfig"; sourceTree = "<group>"; };
		7E8582CBA2F05B549A9BAD18 /* Pods_MemorablePlaces.framework */ = {isa = PBXFileReference; explicitFileType = wrapper.framework; includeInIndex = 0; path = Pods_MemorablePlaces.framework; sourceTree = BUILT_PRODUCTS_DIR; };
		824F4FC514CF59198B249AE8 /* Pods-MemorablePlaces.release.xcconfig */ = {isa = PBXFileReference; includeInIndex = 1; lastKnownFileType = text.xcconfig; name = "Pods-MemorablePlaces.release.xcconfig"; path = "Pods/Target Support Files/Pods-MemorablePlaces/Pods-MemorablePlaces.release.xcconfig"; sourceTree = "<group>"; };
/* End PBXFileReference section */

/* Begin PBXFrameworksBuildPhase section */
		0303CBE0219D0993007A5DD1 /* Frameworks */ = {
			isa = PBXFrameworksBuildPhase;
			buildActionMask = 2147483647;
			files = (
				A1F464BBEDAD53BBA498960E /* Pods_MemorablePlaces.framework in Frameworks */,
			);
			runOnlyForDeploymentPostprocessing = 0;
		};
/* End PBXFrameworksBuildPhase section */

/* Begin PBXGroup section */
		0303CBDA219D0993007A5DD1 = {
			isa = PBXGroup;
			children = (
				0303CBE5219D0993007A5DD1 /* MemorablePlaces */,
				0303CBE4219D0993007A5DD1 /* Products */,
				EE9B9749140720B8685EEDD2 /* Pods */,
				63A73C8DDED2CD9F3B51E0B7 /* Frameworks */,
			);
			sourceTree = "<group>";
		};
		0303CBE4219D0993007A5DD1 /* Products */ = {
			isa = PBXGroup;
			children = (
				0303CBE3219D0993007A5DD1 /* MemorablePlaces.app */,
			);
			name = Products;
			sourceTree = "<group>";
		};
		0303CBE5219D0993007A5DD1 /* MemorablePlaces */ = {
			isa = PBXGroup;
			children = (
				0303CBE6219D0993007A5DD1 /* AppDelegate.swift */,
				0303CBEA219D0993007A5DD1 /* Main.storyboard */,
				0303CBED219D0994007A5DD1 /* Assets.xcassets */,
				0303CBEF219D0994007A5DD1 /* LaunchScreen.storyboard */,
				0303CBF2219D0994007A5DD1 /* Info.plist */,
				0303CBF8219D0A00007A5DD1 /* LocationListVC.swift */,
				0303CBFA219D0A0C007A5DD1 /* LocationMapVC.swift */,
			);
			path = MemorablePlaces;
			sourceTree = "<group>";
		};
		63A73C8DDED2CD9F3B51E0B7 /* Frameworks */ = {
			isa = PBXGroup;
			children = (
				7E8582CBA2F05B549A9BAD18 /* Pods_MemorablePlaces.framework */,
			);
			name = Frameworks;
			sourceTree = "<group>";
		};
		EE9B9749140720B8685EEDD2 /* Pods */ = {
			isa = PBXGroup;
			children = (
				5DA8424C99FD4411945DBBEC /* Pods-MemorablePlaces.debug.xcconfig */,
				824F4FC514CF59198B249AE8 /* Pods-MemorablePlaces.release.xcconfig */,
			);
			name = Pods;
			sourceTree = "<group>";
		};
/* End PBXGroup section */

/* Begin PBXNativeTarget section */
		0303CBE2219D0993007A5DD1 /* MemorablePlaces */ = {
			isa = PBXNativeTarget;
			buildConfigurationList = 0303CBF5219D0994007A5DD1 /* Build configuration list for PBXNativeTarget "MemorablePlaces" */;
			buildPhases = (
				6864C87E8852A6959F127695 /* [CP] Check Pods Manifest.lock */,
				0303CBDF219D0993007A5DD1 /* Sources */,
				0303CBE0219D0993007A5DD1 /* Frameworks */,
				0303CBE1219D0993007A5DD1 /* Resources */,
			);
			buildRules = (
			);
			dependencies = (
			);
			name = MemorablePlaces;
			productName = MemorablePlaces;
			productReference = 0303CBE3219D0993007A5DD1 /* MemorablePlaces.app */;
			productType = "com.apple.product-type.application";
		};
/* End PBXNativeTarget section */

/* Begin PBXProject section */
		0303CBDB219D0993007A5DD1 /* Project object */ = {
			isa = PBXProject;
			attributes = {
				LastSwiftUpdateCheck = 0940;
				LastUpgradeCheck = 0940;
				ORGANIZATIONNAME = "Alan Sax";
				TargetAttributes = {
					0303CBE2219D0993007A5DD1 = {
						CreatedOnToolsVersion = 9.4.1;
					};
				};
			};
			buildConfigurationList = 0303CBDE219D0993007A5DD1 /* Build configuration list for PBXProject "MemorablePlaces" */;
			compatibilityVersion = "Xcode 9.3";
			developmentRegion = en;
			hasScannedForEncodings = 0;
			knownRegions = (
				en,
				Base,
			);
			mainGroup = 0303CBDA219D0993007A5DD1;
			productRefGroup = 0303CBE4219D0993007A5DD1 /* Products */;
			projectDirPath = "";
			projectRoot = "";
			targets = (
				0303CBE2219D0993007A5DD1 /* MemorablePlaces */,
			);
		};
/* End PBXProject section */

/* Begin PBXResourcesBuildPhase section */
		0303CBE1219D0993007A5DD1 /* Resources */ = {
			isa = PBXResourcesBuildPhase;
			buildActionMask = 2147483647;
			files = (
				0303CBF1219D0994007A5DD1 /* LaunchScreen.storyboard in Resources */,
				0303CBEE219D0994007A5DD1 /* Assets.xcassets in Resources */,
				0303CBEC219D0993007A5DD1 /* Main.storyboard in Resources */,
			);
			runOnlyForDeploymentPostprocessing = 0;
		};
/* End PBXResourcesBuildPhase section */

/* Begin PBXShellScriptBuildPhase section */
		6864C87E8852A6959F127695 /* [CP] Check Pods Manifest.lock */ = {
			isa = PBXShellScriptBuildPhase;
			buildActionMask = 2147483647;
			files = (
			);
			inputPaths = (
				"${PODS_PODFILE_DIR_PATH}/Podfile.lock",
				"${PODS_ROOT}/Manifest.lock",
			);
			name = "[CP] Check Pods Manifest.lock";
			outputPaths = (
				"$(DERIVED_FILE_DIR)/Pods-MemorablePlaces-checkManifestLockResult.txt",
			);
			runOnlyForDeploymentPostprocessing = 0;
			shellPath = /bin/sh;
			shellScript = "diff \"${PODS_PODFILE_DIR_PATH}/Podfile.lock\" \"${PODS_ROOT}/Manifest.lock\" > /dev/null\nif [ $? != 0 ] ; then\n    # print error to STDERR\n    echo \"error: The sandbox is not in sync with the Podfile.lock. Run 'pod install' or update your CocoaPods installation.\" >&2\n    exit 1\nfi\n# This output is used by Xcode 'outputs' to avoid re-running this script phase.\necho \"SUCCESS\" > \"${SCRIPT_OUTPUT_FILE_0}\"\n";
			showEnvVarsInLog = 0;
		};
/* End PBXShellScriptBuildPhase section */

/* Begin PBXSourcesBuildPhase section */
		0303CBDF219D0993007A5DD1 /* Sources */ = {
			isa = PBXSourcesBuildPhase;
			buildActionMask = 2147483647;
			files = (
				0303CBE7219D0993007A5DD1 /* AppDelegate.swift in Sources */,
				0303CBFB219D0A0C007A5DD1 /* LocationMapVC.swift in Sources */,
				0303CBF9219D0A00007A5DD1 /* LocationListVC.swift in Sources */,
			);
			runOnlyForDeploymentPostprocessing = 0;
		};
/* End PBXSourcesBuildPhase section */

/* Begin PBXVariantGroup section */
		0303CBEA219D0993007A5DD1 /* Main.storyboard */ = {
			isa = PBXVariantGroup;
			children = (
				0303CBEB219D0993007A5DD1 /* Base */,
			);
			name = Main.storyboard;
			sourceTree = "<group>";
		};
		0303CBEF219D0994007A5DD1 /* LaunchScreen.storyboard */ = {
			isa = PBXVariantGroup;
			children = (
				0303CBF0219D0994007A5DD1 /* Base */,
			);
			name = LaunchScreen.storyboard;
			sourceTree = "<group>";
		};
/* End PBXVariantGroup section */

/* Begin XCBuildConfiguration section */
		0303CBF3219D0994007A5DD1 /* Debug */ = {
			isa = XCBuildConfiguration;
			buildSettings = {
				ALWAYS_SEARCH_USER_PATHS = NO;
				CLANG_ANALYZER_NONNULL = YES;
				CLANG_ANALYZER_NUMBER_OBJECT_CONVERSION = YES_AGGRESSIVE;
				CLANG_CXX_LANGUAGE_STANDARD = "gnu++14";
				CLANG_CXX_LIBRARY = "libc++";
				CLANG_ENABLE_MODULES = YES;
				CLANG_ENABLE_OBJC_ARC = YES;
				CLANG_ENABLE_OBJC_WEAK = YES;
				CLANG_WARN_BLOCK_CAPTURE_AUTORELEASING = YES;
				CLANG_WARN_BOOL_CONVERSION = YES;
				CLANG_WARN_COMMA = YES;
				CLANG_WARN_CONSTANT_CONVERSION = YES;
				CLANG_WARN_DEPRECATED_OBJC_IMPLEMENTATIONS = YES;
				CLANG_WARN_DIRECT_OBJC_ISA_USAGE = YES_ERROR;
				CLANG_WARN_DOCUMENTATION_COMMENTS = YES;
				CLANG_WARN_EMPTY_BODY = YES;
				CLANG_WARN_ENUM_CONVERSION = YES;
				CLANG_WARN_INFINITE_RECURSION = YES;
				CLANG_WARN_INT_CONVERSION = YES;
				CLANG_WARN_NON_LITERAL_NULL_CONVERSION = YES;
				CLANG_WARN_OBJC_IMPLICIT_RETAIN_SELF = YES;
				CLANG_WARN_OBJC_LITERAL_CONVERSION = YES;
				CLANG_WARN_OBJC_ROOT_CLASS = YES_ERROR;
				CLANG_WARN_RANGE_LOOP_ANALYSIS = YES;
				CLANG_WARN_STRICT_PROTOTYPES = YES;
				CLANG_WARN_SUSPICIOUS_MOVE = YES;
				CLANG_WARN_UNGUARDED_AVAILABILITY = YES_AGGRESSIVE;
				CLANG_WARN_UNREACHABLE_CODE = YES;
				CLANG_WARN__DUPLICATE_METHOD_MATCH = YES;
				CODE_SIGN_IDENTITY = "iPhone Developer";
				COPY_PHASE_STRIP = NO;
				DEBUG_INFORMATION_FORMAT = dwarf;
				ENABLE_STRICT_OBJC_MSGSEND = YES;
				ENABLE_TESTABILITY = YES;
				GCC_C_LANGUAGE_STANDARD = gnu11;
				GCC_DYNAMIC_NO_PIC = NO;
				GCC_NO_COMMON_BLOCKS = YES;
				GCC_OPTIMIZATION_LEVEL = 0;
				GCC_PREPROCESSOR_DEFINITIONS = (
					"DEBUG=1",
					"$(inherited)",
				);
				GCC_WARN_64_TO_32_BIT_CONVERSION = YES;
				GCC_WARN_ABOUT_RETURN_TYPE = YES_ERROR;
				GCC_WARN_UNDECLARED_SELECTOR = YES;
				GCC_WARN_UNINITIALIZED_AUTOS = YES_AGGRESSIVE;
				GCC_WARN_UNUSED_FUNCTION = YES;
				GCC_WARN_UNUSED_VARIABLE = YES;
				IPHONEOS_DEPLOYMENT_TARGET = 11.4;
				MTL_ENABLE_DEBUG_INFO = YES;
				ONLY_ACTIVE_ARCH = YES;
				SDKROOT = iphoneos;
				SWIFT_ACTIVE_COMPILATION_CONDITIONS = DEBUG;
				SWIFT_OPTIMIZATION_LEVEL = "-Onone";
			};
			name = Debug;
		};
		0303CBF4219D0994007A5DD1 /* Release */ = {
			isa = XCBuildConfiguration;
			buildSettings = {
				ALWAYS_SEARCH_USER_PATHS = NO;
				CLANG_ANALYZER_NONNULL = YES;
				CLANG_ANALYZER_NUMBER_OBJECT_CONVERSION = YES_AGGRESSIVE;
				CLANG_CXX_LANGUAGE_STANDARD = "gnu++14";
				CLANG_CXX_LIBRARY = "libc++";
				CLANG_ENABLE_MODULES = YES;
				CLANG_ENABLE_OBJC_ARC = YES;
				CLANG_ENABLE_OBJC_WEAK = YES;
				CLANG_WARN_BLOCK_CAPTURE_AUTORELEASING = YES;
				CLANG_WARN_BOOL_CONVERSION = YES;
				CLANG_WARN_COMMA = YES;
				CLANG_WARN_CONSTANT_CONVERSION = YES;
				CLANG_WARN_DEPRECATED_OBJC_IMPLEMENTATIONS = YES;
				CLANG_WARN_DIRECT_OBJC_ISA_USAGE = YES_ERROR;
				CLANG_WARN_DOCUMENTATION_COMMENTS = YES;
				CLANG_WARN_EMPTY_BODY = YES;
				CLANG_WARN_ENUM_CONVERSION = YES;
				CLANG_WARN_INFINITE_RECURSION = YES;
				CLANG_WARN_INT_CONVERSION = YES;
				CLANG_WARN_NON_LITERAL_NULL_CONVERSION = YES;
				CLANG_WARN_OBJC_IMPLICIT_RETAIN_SELF = YES;
				CLANG_WARN_OBJC_LITERAL_CONVERSION = YES;
				CLANG_WARN_OBJC_ROOT_CLASS = YES_ERROR;
				CLANG_WARN_RANGE_LOOP_ANALYSIS = YES;
				CLANG_WARN_STRICT_PROTOTYPES = YES;
				CLANG_WARN_SUSPICIOUS_MOVE = YES;
				CLANG_WARN_UNGUARDED_AVAILABILITY = YES_AGGRESSIVE;
				CLANG_WARN_UNREACHABLE_CODE = YES;
				CLANG_WARN__DUPLICATE_METHOD_MATCH = YES;
				CODE_SIGN_IDENTITY = "iPhone Developer";
				COPY_PHASE_STRIP = NO;
				DEBUG_INFORMATION_FORMAT = "dwarf-with-dsym";
				ENABLE_NS_ASSERTIONS = NO;
				ENABLE_STRICT_OBJC_MSGSEND = YES;
				GCC_C_LANGUAGE_STANDARD = gnu11;
				GCC_NO_COMMON_BLOCKS = YES;
				GCC_WARN_64_TO_32_BIT_CONVERSION = YES;
				GCC_WARN_ABOUT_RETURN_TYPE = YES_ERROR;
				GCC_WARN_UNDECLARED_SELECTOR = YES;
				GCC_WARN_UNINITIALIZED_AUTOS = YES_AGGRESSIVE;
				GCC_WARN_UNUSED_FUNCTION = YES;
				GCC_WARN_UNUSED_VARIABLE = YES;
				IPHONEOS_DEPLOYMENT_TARGET = 11.4;
				MTL_ENABLE_DEBUG_INFO = NO;
				SDKROOT = iphoneos;
				SWIFT_COMPILATION_MODE = wholemodule;
				SWIFT_OPTIMIZATION_LEVEL = "-O";
				VALIDATE_PRODUCT = YES;
			};
			name = Release;
		};
		0303CBF6219D0994007A5DD1 /* Debug */ = {
			isa = XCBuildConfiguration;
			baseConfigurationReference = 5DA8424C99FD4411945DBBEC /* Pods-MemorablePlaces.debug.xcconfig */;
			buildSettings = {
				ASSETCATALOG_COMPILER_APPICON_NAME = AppIcon;
				CODE_SIGN_IDENTITY = "iPhone Developer";
				CODE_SIGN_STYLE = Automatic;
				DEVELOPMENT_TEAM = HYQH9C4873;
				INFOPLIST_FILE = MemorablePlaces/Info.plist;
				LD_RUNPATH_SEARCH_PATHS = (
					"$(inherited)",
					"@executable_path/Frameworks",
				);
				PRODUCT_BUNDLE_IDENTIFIER = saxal.me.MemorablePlaces;
				PRODUCT_NAME = "$(TARGET_NAME)";
				PROVISIONING_PROFILE = "";
				PROVISIONING_PROFILE_SPECIFIER = "";
				SWIFT_VERSION = 4.0;
				TARGETED_DEVICE_FAMILY = "1,2";
			};
			name = Debug;
		};
		0303CBF7219D0994007A5DD1 /* Release */ = {
			isa = XCBuildConfiguration;
			baseConfigurationReference = 824F4FC514CF59198B249AE8 /* Pods-MemorablePlaces.release.xcconfig */;
			buildSettings = {
				ASSETCATALOG_COMPILER_APPICON_NAME = AppIcon;
				CODE_SIGN_IDENTITY = "iPhone Developer";
				CODE_SIGN_STYLE = Automatic;
				DEVELOPMENT_TEAM = HYQH9C4873;
				INFOPLIST_FILE = MemorablePlaces/Info.plist;
				LD_RUNPATH_SEARCH_PATHS = (
					"$(inherited)",
					"@executable_path/Frameworks",
				);
				PRODUCT_BUNDLE_IDENTIFIER = saxal.me.MemorablePlaces;
				PRODUCT_NAME = "$(TARGET_NAME)";
				PROVISIONING_PROFILE = "";
				PROVISIONING_PROFILE_SPECIFIER = "";
				SWIFT_VERSION = 4.0;
				TARGETED_DEVICE_FAMILY = "1,2";
			};
			name = Release;
		};
/* End XCBuildConfiguration section */

/* Begin XCConfigurationList section */
		0303CBDE219D0993007A5DD1 /* Build configuration list for PBXProject "MemorablePlaces" */ = {
			isa = XCConfigurationList;
			buildConfigurations = (
				0303CBF3219D0994007A5DD1 /* Debug */,
				0303CBF4219D0994007A5DD1 /* Release */,
			);
			defaultConfigurationIsVisible = 0;
			defaultConfigurationName = Release;
		};
		0303CBF5219D0994007A5DD1 /* Build configuration list for PBXNativeTarget "MemorablePlaces" */ = {
			isa = XCConfigurationList;
			buildConfigurations = (
				0303CBF6219D0994007A5DD1 /* Debug */,
				0303CBF7219D0994007A5DD1 /* Release */,
			);
			defaultConfigurationIsVisible = 0;
			defaultConfigurationName = Release;
		};
/* End XCConfigurationList section */
	};
	rootObject = 0303CBDB219D0993007A5DD1 /* Project object */;
}
