// !$*UTF8*$!
{
	archiveVersion = 1;
	classes = {
	};
	objectVersion = 50;
	objects = {

/* Begin PBXBuildFile section */
		032CAE8021E83FC10043517D /* AppDelegate.swift in Sources */ = {isa = PBXBuildFile; fileRef = 032CAE7F21E83FC10043517D /* AppDelegate.swift */; };
		032CAE8221E83FC10043517D /* ViewController.swift in Sources */ = {isa = PBXBuildFile; fileRef = 032CAE8121E83FC10043517D /* ViewController.swift */; };
		032CAE8521E83FC10043517D /* Main.storyboard in Resources */ = {isa = PBXBuildFile; fileRef = 032CAE8321E83FC10043517D /* Main.storyboard */; };
		032CAE8721E83FC30043517D /* Assets.xcassets in Resources */ = {isa = PBXBuildFile; fileRef = 032CAE8621E83FC30043517D /* Assets.xcassets */; };
		032CAE8A21E83FC30043517D /* LaunchScreen.storyboard in Resources */ = {isa = PBXBuildFile; fileRef = 032CAE8821E83FC30043517D /* LaunchScreen.storyboard */; };
		032CAE9221E991D00043517D /* SwipingVC.swift in Sources */ = {isa = PBXBuildFile; fileRef = 032CAE9121E991D00043517D /* SwipingVC.swift */; };
		032CAE9421EA79160043517D /* PageCell.swift in Sources */ = {isa = PBXBuildFile; fileRef = 032CAE9321EA79160043517D /* PageCell.swift */; };
/* End PBXBuildFile section */

/* Begin PBXFileReference section */
		032CAE7C21E83FC10043517D /* ProgrammaticApp.app */ = {isa = PBXFileReference; explicitFileType = wrapper.application; includeInIndex = 0; path = ProgrammaticApp.app; sourceTree = BUILT_PRODUCTS_DIR; };
		032CAE7F21E83FC10043517D /* AppDelegate.swift */ = {isa = PBXFileReference; lastKnownFileType = sourcecode.swift; path = AppDelegate.swift; sourceTree = "<group>"; };
		032CAE8121E83FC10043517D /* ViewController.swift */ = {isa = PBXFileReference; lastKnownFileType = sourcecode.swift; path = ViewController.swift; sourceTree = "<group>"; };
		032CAE8421E83FC10043517D /* Base */ = {isa = PBXFileReference; lastKnownFileType = file.storyboard; name = Base; path = Base.lproj/Main.storyboard; sourceTree = "<group>"; };
		032CAE8621E83FC30043517D /* Assets.xcassets */ = {isa = PBXFileReference; lastKnownFileType = folder.assetcatalog; path = Assets.xcassets; sourceTree = "<group>"; };
		032CAE8921E83FC30043517D /* Base */ = {isa = PBXFileReference; lastKnownFileType = file.storyboard; name = Base; path = Base.lproj/LaunchScreen.storyboard; sourceTree = "<group>"; };
		032CAE8B21E83FC30043517D /* Info.plist */ = {isa = PBXFileReference; lastKnownFileType = text.plist.xml; path = Info.plist; sourceTree = "<group>"; };
		032CAE9121E991D00043517D /* SwipingVC.swift */ = {isa = PBXFileReference; lastKnownFileType = sourcecode.swift; path = SwipingVC.swift; sourceTree = "<group>"; };
		032CAE9321EA79160043517D /* PageCell.swift */ = {isa = PBXFileReference; lastKnownFileType = sourcecode.swift; path = PageCell.swift; sourceTree = "<group>"; };
/* End PBXFileReference section */

/* Begin PBXFrameworksBuildPhase section */
		032CAE7921E83FC10043517D /* Frameworks */ = {
			isa = PBXFrameworksBuildPhase;
			buildActionMask = 2147483647;
			files = (
			);
			runOnlyForDeploymentPostprocessing = 0;
		};
/* End PBXFrameworksBuildPhase section */

/* Begin PBXGroup section */
		032CAE7321E83FC10043517D = {
			isa = PBXGroup;
			children = (
				032CAE7E21E83FC10043517D /* ProgrammaticApp */,
				032CAE7D21E83FC10043517D /* Products */,
			);
			sourceTree = "<group>";
		};
		032CAE7D21E83FC10043517D /* Products */ = {
			isa = PBXGroup;
			children = (
				032CAE7C21E83FC10043517D /* ProgrammaticApp.app */,
			);
			name = Products;
			sourceTree = "<group>";
		};
		032CAE7E21E83FC10043517D /* ProgrammaticApp */ = {
			isa = PBXGroup;
			children = (
				032CAE7F21E83FC10043517D /* AppDelegate.swift */,
				032CAE8121E83FC10043517D /* ViewController.swift */,
				032CAE8321E83FC10043517D /* Main.storyboard */,
				032CAE8621E83FC30043517D /* Assets.xcassets */,
				032CAE8821E83FC30043517D /* LaunchScreen.storyboard */,
				032CAE8B21E83FC30043517D /* Info.plist */,
				032CAE9121E991D00043517D /* SwipingVC.swift */,
				032CAE9321EA79160043517D /* PageCell.swift */,
			);
			path = ProgrammaticApp;
			sourceTree = "<group>";
		};
/* End PBXGroup section */

/* Begin PBXNativeTarget section */
		032CAE7B21E83FC10043517D /* ProgrammaticApp */ = {
			isa = PBXNativeTarget;
			buildConfigurationList = 032CAE8E21E83FC30043517D /* Build configuration list for PBXNativeTarget "ProgrammaticApp" */;
			buildPhases = (
				032CAE7821E83FC10043517D /* Sources */,
				032CAE7921E83FC10043517D /* Frameworks */,
				032CAE7A21E83FC10043517D /* Resources */,
			);
			buildRules = (
			);
			dependencies = (
			);
			name = ProgrammaticApp;
			productName = ProgrammaticApp;
			productReference = 032CAE7C21E83FC10043517D /* ProgrammaticApp.app */;
			productType = "com.apple.product-type.application";
		};
/* End PBXNativeTarget section */

/* Begin PBXProject section */
		032CAE7421E83FC10043517D /* Project object */ = {
			isa = PBXProject;
			attributes = {
				LastSwiftUpdateCheck = 0940;
				LastUpgradeCheck = 0940;
				ORGANIZATIONNAME = "Alan Sax";
				TargetAttributes = {
					032CAE7B21E83FC10043517D = {
						CreatedOnToolsVersion = 9.4.1;
					};
				};
			};
			buildConfigurationList = 032CAE7721E83FC10043517D /* Build configuration list for PBXProject "ProgrammaticApp" */;
			compatibilityVersion = "Xcode 9.3";
			developmentRegion = en;
			hasScannedForEncodings = 0;
			knownRegions = (
				en,
				Base,
			);
			mainGroup = 032CAE7321E83FC10043517D;
			productRefGroup = 032CAE7D21E83FC10043517D /* Products */;
			projectDirPath = "";
			projectRoot = "";
			targets = (
				032CAE7B21E83FC10043517D /* ProgrammaticApp */,
			);
		};
/* End PBXProject section */

/* Begin PBXResourcesBuildPhase section */
		032CAE7A21E83FC10043517D /* Resources */ = {
			isa = PBXResourcesBuildPhase;
			buildActionMask = 2147483647;
			files = (
				032CAE8A21E83FC30043517D /* LaunchScreen.storyboard in Resources */,
				032CAE8721E83FC30043517D /* Assets.xcassets in Resources */,
				032CAE8521E83FC10043517D /* Main.storyboard in Resources */,
			);
			runOnlyForDeploymentPostprocessing = 0;
		};
/* End PBXResourcesBuildPhase section */

/* Begin PBXSourcesBuildPhase section */
		032CAE7821E83FC10043517D /* Sources */ = {
			isa = PBXSourcesBuildPhase;
			buildActionMask = 2147483647;
			files = (
				032CAE8221E83FC10043517D /* ViewController.swift in Sources */,
				032CAE9221E991D00043517D /* SwipingVC.swift in Sources */,
				032CAE9421EA79160043517D /* PageCell.swift in Sources */,
				032CAE8021E83FC10043517D /* AppDelegate.swift in Sources */,
			);
			runOnlyForDeploymentPostprocessing = 0;
		};
/* End PBXSourcesBuildPhase section */

/* Begin PBXVariantGroup section */
		032CAE8321E83FC10043517D /* Main.storyboard */ = {
			isa = PBXVariantGroup;
			children = (
				032CAE8421E83FC10043517D /* Base */,
			);
			name = Main.storyboard;
			sourceTree = "<group>";
		};
		032CAE8821E83FC30043517D /* LaunchScreen.storyboard */ = {
			isa = PBXVariantGroup;
			children = (
				032CAE8921E83FC30043517D /* Base */,
			);
			name = LaunchScreen.storyboard;
			sourceTree = "<group>";
		};
/* End PBXVariantGroup section */

/* Begin XCBuildConfiguration section */
		032CAE8C21E83FC30043517D /* Debug */ = {
			isa = XCBuildConfiguration;
			buildSettings = {
				ALWAYS_SEARCH_USER_PATHS = NO;
				CLANG_ANALYZER_NONNULL = YES;
				CLANG_ANALYZER_NUMBER_OBJECT_CONVERSION = YES_AGGRESSIVE;
				CLANG_CXX_LANGUAGE_STANDARD = "gnu++14";
				CLANG_CXX_LIBRARY = "libc++";
				CLANG_ENABLE_MODULES = YES;
				CLANG_ENABLE_OBJC_ARC = YES;
				CLANG_ENABLE_OBJC_WEAK = YES;
				CLANG_WARN_BLOCK_CAPTURE_AUTORELEASING = YES;
				CLANG_WARN_BOOL_CONVERSION = YES;
				CLANG_WARN_COMMA = YES;
				CLANG_WARN_CONSTANT_CONVERSION = YES;
				CLANG_WARN_DEPRECATED_OBJC_IMPLEMENTATIONS = YES;
				CLANG_WARN_DIRECT_OBJC_ISA_USAGE = YES_ERROR;
				CLANG_WARN_DOCUMENTATION_COMMENTS = YES;
				CLANG_WARN_EMPTY_BODY = YES;
				CLANG_WARN_ENUM_CONVERSION = YES;
				CLANG_WARN_INFINITE_RECURSION = YES;
				CLANG_WARN_INT_CONVERSION = YES;
				CLANG_WARN_NON_LITERAL_NULL_CONVERSION = YES;
				CLANG_WARN_OBJC_IMPLICIT_RETAIN_SELF = YES;
				CLANG_WARN_OBJC_LITERAL_CONVERSION = YES;
				CLANG_WARN_OBJC_ROOT_CLASS = YES_ERROR;
				CLANG_WARN_RANGE_LOOP_ANALYSIS = YES;
				CLANG_WARN_STRICT_PROTOTYPES = YES;
				CLANG_WARN_SUSPICIOUS_MOVE = YES;
				CLANG_WARN_UNGUARDED_AVAILABILITY = YES_AGGRESSIVE;
				CLANG_WARN_UNREACHABLE_CODE = YES;
				CLANG_WARN__DUPLICATE_METHOD_MATCH = YES;
				CODE_SIGN_IDENTITY = "iPhone Developer";
				COPY_PHASE_STRIP = NO;
				DEBUG_INFORMATION_FORMAT = dwarf;
				ENABLE_STRICT_OBJC_MSGSEND = YES;
				ENABLE_TESTABILITY = YES;
				GCC_C_LANGUAGE_STANDARD = gnu11;
				GCC_DYNAMIC_NO_PIC = NO;
				GCC_NO_COMMON_BLOCKS = YES;
				GCC_OPTIMIZATION_LEVEL = 0;
				GCC_PREPROCESSOR_DEFINITIONS = (
					"DEBUG=1",
					"$(inherited)",
				);
				GCC_WARN_64_TO_32_BIT_CONVERSION = YES;
				GCC_WARN_ABOUT_RETURN_TYPE = YES_ERROR;
				GCC_WARN_UNDECLARED_SELECTOR = YES;
				GCC_WARN_UNINITIALIZED_AUTOS = YES_AGGRESSIVE;
				GCC_WARN_UNUSED_FUNCTION = YES;
				GCC_WARN_UNUSED_VARIABLE = YES;
				IPHONEOS_DEPLOYMENT_TARGET = 11.4;
				MTL_ENABLE_DEBUG_INFO = YES;
				ONLY_ACTIVE_ARCH = YES;
				SDKROOT = iphoneos;
				SWIFT_ACTIVE_COMPILATION_CONDITIONS = DEBUG;
				SWIFT_OPTIMIZATION_LEVEL = "-Onone";
			};
			name = Debug;
		};
		032CAE8D21E83FC30043517D /* Release */ = {
			isa = XCBuildConfiguration;
			buildSettings = {
				ALWAYS_SEARCH_USER_PATHS = NO;
				CLANG_ANALYZER_NONNULL = YES;
				CLANG_ANALYZER_NUMBER_OBJECT_CONVERSION = YES_AGGRESSIVE;
				CLANG_CXX_LANGUAGE_STANDARD = "gnu++14";
				CLANG_CXX_LIBRARY = "libc++";
				CLANG_ENABLE_MODULES = YES;
				CLANG_ENABLE_OBJC_ARC = YES;
				CLANG_ENABLE_OBJC_WEAK = YES;
				CLANG_WARN_BLOCK_CAPTURE_AUTORELEASING = YES;
				CLANG_WARN_BOOL_CONVERSION = YES;
				CLANG_WARN_COMMA = YES;
				CLANG_WARN_CONSTANT_CONVERSION = YES;
				CLANG_WARN_DEPRECATED_OBJC_IMPLEMENTATIONS = YES;
				CLANG_WARN_DIRECT_OBJC_ISA_USAGE = YES_ERROR;
				CLANG_WARN_DOCUMENTATION_COMMENTS = YES;
				CLANG_WARN_EMPTY_BODY = YES;
				CLANG_WARN_ENUM_CONVERSION = YES;
				CLANG_WARN_INFINITE_RECURSION = YES;
				CLANG_WARN_INT_CONVERSION = YES;
				CLANG_WARN_NON_LITERAL_NULL_CONVERSION = YES;
				CLANG_WARN_OBJC_IMPLICIT_RETAIN_SELF = YES;
				CLANG_WARN_OBJC_LITERAL_CONVERSION = YES;
				CLANG_WARN_OBJC_ROOT_CLASS = YES_ERROR;
				CLANG_WARN_RANGE_LOOP_ANALYSIS = YES;
				CLANG_WARN_STRICT_PROTOTYPES = YES;
				CLANG_WARN_SUSPICIOUS_MOVE = YES;
				CLANG_WARN_UNGUARDED_AVAILABILITY = YES_AGGRESSIVE;
				CLANG_WARN_UNREACHABLE_CODE = YES;
				CLANG_WARN__DUPLICATE_METHOD_MATCH = YES;
				CODE_SIGN_IDENTITY = "iPhone Developer";
				COPY_PHASE_STRIP = NO;
				DEBUG_INFORMATION_FORMAT = "dwarf-with-dsym";
				ENABLE_NS_ASSERTIONS = NO;
				ENABLE_STRICT_OBJC_MSGSEND = YES;
				GCC_C_LANGUAGE_STANDARD = gnu11;
				GCC_NO_COMMON_BLOCKS = YES;
				GCC_WARN_64_TO_32_BIT_CONVERSION = YES;
				GCC_WARN_ABOUT_RETURN_TYPE = YES_ERROR;
				GCC_WARN_UNDECLARED_SELECTOR = YES;
				GCC_WARN_UNINITIALIZED_AUTOS = YES_AGGRESSIVE;
				GCC_WARN_UNUSED_FUNCTION = YES;
				GCC_WARN_UNUSED_VARIABLE = YES;
				IPHONEOS_DEPLOYMENT_TARGET = 11.4;
				MTL_ENABLE_DEBUG_INFO = NO;
				SDKROOT = iphoneos;
				SWIFT_COMPILATION_MODE = wholemodule;
				SWIFT_OPTIMIZATION_LEVEL = "-O";
				VALIDATE_PRODUCT = YES;
			};
			name = Release;
		};
		032CAE8F21E83FC30043517D /* Debug */ = {
			isa = XCBuildConfiguration;
			buildSettings = {
				ASSETCATALOG_COMPILER_APPICON_NAME = AppIcon;
				CODE_SIGN_STYLE = Automatic;
				INFOPLIST_FILE = ProgrammaticApp/Info.plist;
				LD_RUNPATH_SEARCH_PATHS = (
					"$(inherited)",
					"@executable_path/Frameworks",
				);
				PRODUCT_BUNDLE_IDENTIFIER = saxal.me.ProgrammaticApp;
				PRODUCT_NAME = "$(TARGET_NAME)";
				SWIFT_VERSION = 4.0;
				TARGETED_DEVICE_FAMILY = "1,2";
			};
			name = Debug;
		};
		032CAE9021E83FC30043517D /* Release */ = {
			isa = XCBuildConfiguration;
			buildSettings = {
				ASSETCATALOG_COMPILER_APPICON_NAME = AppIcon;
				CODE_SIGN_STYLE = Automatic;
				INFOPLIST_FILE = ProgrammaticApp/Info.plist;
				LD_RUNPATH_SEARCH_PATHS = (
					"$(inherited)",
					"@executable_path/Frameworks",
				);
				PRODUCT_BUNDLE_IDENTIFIER = saxal.me.ProgrammaticApp;
				PRODUCT_NAME = "$(TARGET_NAME)";
				SWIFT_VERSION = 4.0;
				TARGETED_DEVICE_FAMILY = "1,2";
			};
			name = Release;
		};
/* End XCBuildConfiguration section */

/* Begin XCConfigurationList section */
		032CAE7721E83FC10043517D /* Build configuration list for PBXProject "ProgrammaticApp" */ = {
			isa = XCConfigurationList;
			buildConfigurations = (
				032CAE8C21E83FC30043517D /* Debug */,
				032CAE8D21E83FC30043517D /* Release */,
			);
			defaultConfigurationIsVisible = 0;
			defaultConfigurationName = Release;
		};
		032CAE8E21E83FC30043517D /* Build configuration list for PBXNativeTarget "ProgrammaticApp" */ = {
			isa = XCConfigurationList;
			buildConfigurations = (
				032CAE8F21E83FC30043517D /* Debug */,
				032CAE9021E83FC30043517D /* Release */,
			);
			defaultConfigurationIsVisible = 0;
			defaultConfigurationName = Release;
		};
/* End XCConfigurationList section */
	};
	rootObject = 032CAE7421E83FC10043517D /* Project object */;
}
